// !$*UTF8*$!
{
	archiveVersion = 1;
	classes = {
	};
	objectVersion = 56;
	objects = {

/* Begin PBXBuildFile section */
		8BECC5CD2AD415DD0032BC1D /* CylinderLine.swift in Sources */ = {isa = PBXBuildFile; fileRef = 8BECC5C62AD415DC0032BC1D /* CylinderLine.swift */; };
		8BECC5CE2AD415DD0032BC1D /* Coordinator.swift in Sources */ = {isa = PBXBuildFile; fileRef = 8BECC5C72AD415DC0032BC1D /* Coordinator.swift */; };
		8BECC5CF2AD415DD0032BC1D /* Atom.swift in Sources */ = {isa = PBXBuildFile; fileRef = 8BECC5C82AD415DD0032BC1D /* Atom.swift */; };
		8BECC5D02AD415DD0032BC1D /* Connect.swift in Sources */ = {isa = PBXBuildFile; fileRef = 8BECC5C92AD415DD0032BC1D /* Connect.swift */; };
		8BECC5D22AD415DD0032BC1D /* SceneKitView.swift in Sources */ = {isa = PBXBuildFile; fileRef = 8BECC5CB2AD415DD0032BC1D /* SceneKitView.swift */; };
		8BECC5D32AD415DD0032BC1D /* Utils.swift in Sources */ = {isa = PBXBuildFile; fileRef = 8BECC5CC2AD415DD0032BC1D /* Utils.swift */; };
		DB4411322AD44628006DB9B5 /* DetailView.swift in Sources */ = {isa = PBXBuildFile; fileRef = DB4411312AD44628006DB9B5 /* DetailView.swift */; };
		DB7601032AC33D9400A606BD /* swifty_proteinApp.swift in Sources */ = {isa = PBXBuildFile; fileRef = DB7601022AC33D9400A606BD /* swifty_proteinApp.swift */; };
		DB7601052AC33D9400A606BD /* LoginView.swift in Sources */ = {isa = PBXBuildFile; fileRef = DB7601042AC33D9400A606BD /* LoginView.swift */; };
		DB7601142AC33E9700A606BD /* LoginViewModel.swift in Sources */ = {isa = PBXBuildFile; fileRef = DB7601132AC33E9700A606BD /* LoginViewModel.swift */; };
		DB7601172AC33FF600A606BD /* SearchView.swift in Sources */ = {isa = PBXBuildFile; fileRef = DB7601162AC33FF600A606BD /* SearchView.swift */; };
		DB7601192AC3400700A606BD /* SearchViewModel.swift in Sources */ = {isa = PBXBuildFile; fileRef = DB7601182AC3400700A606BD /* SearchViewModel.swift */; };
		DB7995CA2ACF37A0000DE064 /* Contents.json in Resources */ = {isa = PBXBuildFile; fileRef = DB7995C92ACF37A0000DE064 /* Contents.json */; };
		DB7995DB2AD051CD000DE064 /* Ligand.swift in Sources */ = {isa = PBXBuildFile; fileRef = DB7995DA2AD051CD000DE064 /* Ligand.swift */; };
		DB7995E32AD05306000DE064 /* TextFieldModifier.swift in Sources */ = {isa = PBXBuildFile; fileRef = DB7995E22AD05306000DE064 /* TextFieldModifier.swift */; };
		DB7995E92AD054D3000DE064 /* ligands.txt in Resources */ = {isa = PBXBuildFile; fileRef = DB7995E82AD054D3000DE064 /* ligands.txt */; };
		DB7995EB2AD18D89000DE064 /* PaddingModifier.swift in Sources */ = {isa = PBXBuildFile; fileRef = DB7995EA2AD18D89000DE064 /* PaddingModifier.swift */; };
		DB7995ED2AD18E26000DE064 /* CornerRadiusModifier.swift in Sources */ = {isa = PBXBuildFile; fileRef = DB7995EC2AD18E26000DE064 /* CornerRadiusModifier.swift */; };
		DB7995EF2AD3E966000DE064 /* Assets.xcassets in Resources */ = {isa = PBXBuildFile; fileRef = DB7995EE2AD3E966000DE064 /* Assets.xcassets */; };
		DB9580242AC6BAEF00C7BC6E /* Lottie in Frameworks */ = {isa = PBXBuildFile; productRef = DB9580232AC6BAEF00C7BC6E /* Lottie */; };
		DB9580272AC6C32000C7BC6E /* Spacing.swift in Sources */ = {isa = PBXBuildFile; fileRef = DB9580262AC6C32000C7BC6E /* Spacing.swift */; };
		DB9580292AC6C5D800C7BC6E /* Radius.swift in Sources */ = {isa = PBXBuildFile; fileRef = DB9580282AC6C5D800C7BC6E /* Radius.swift */; };
		DBA6F06A2AC479FD00B4DF19 /* MainCoordinator.swift in Sources */ = {isa = PBXBuildFile; fileRef = DBA6F0692AC479FD00B4DF19 /* MainCoordinator.swift */; };
		DBA6F06D2AC5776E00B4DF19 /* ButtonBouncyStyle.swift in Sources */ = {isa = PBXBuildFile; fileRef = DBA6F06C2AC5776E00B4DF19 /* ButtonBouncyStyle.swift */; };
		DBBF67792AC5E8BC00D26BA1 /* LottieView.swift in Sources */ = {isa = PBXBuildFile; fileRef = DBBF67782AC5E8BC00D26BA1 /* LottieView.swift */; };
		DBC4DAA52AD552A800FFFD12 /* LaunchScreenView.swift in Sources */ = {isa = PBXBuildFile; fileRef = DBC4DAA42AD552A800FFFD12 /* LaunchScreenView.swift */; };
		DBC4DAA72AD552EA00FFFD12 /* introAnimation.json in Resources */ = {isa = PBXBuildFile; fileRef = DBC4DAA62AD552EA00FFFD12 /* introAnimation.json */; };
		DBC4DAA92AD552F000FFFD12 /* loginAnimation.json in Resources */ = {isa = PBXBuildFile; fileRef = DBC4DAA82AD552F000FFFD12 /* loginAnimation.json */; };
		DBE029AB2AC8566200880DE4 /* .swiftlint.yml in Resources */ = {isa = PBXBuildFile; fileRef = DBE029AA2AC8566200880DE4 /* .swiftlint.yml */; };
/* End PBXBuildFile section */

/* Begin PBXFileReference section */
		8BECC5C62AD415DC0032BC1D /* CylinderLine.swift */ = {isa = PBXFileReference; fileEncoding = 4; lastKnownFileType = sourcecode.swift; path = CylinderLine.swift; sourceTree = "<group>"; };
		8BECC5C72AD415DC0032BC1D /* Coordinator.swift */ = {isa = PBXFileReference; fileEncoding = 4; lastKnownFileType = sourcecode.swift; path = Coordinator.swift; sourceTree = "<group>"; };
		8BECC5C82AD415DD0032BC1D /* Atom.swift */ = {isa = PBXFileReference; fileEncoding = 4; lastKnownFileType = sourcecode.swift; path = Atom.swift; sourceTree = "<group>"; };
		8BECC5C92AD415DD0032BC1D /* Connect.swift */ = {isa = PBXFileReference; fileEncoding = 4; lastKnownFileType = sourcecode.swift; path = Connect.swift; sourceTree = "<group>"; };
		8BECC5CB2AD415DD0032BC1D /* SceneKitView.swift */ = {isa = PBXFileReference; fileEncoding = 4; lastKnownFileType = sourcecode.swift; path = SceneKitView.swift; sourceTree = "<group>"; };
		8BECC5CC2AD415DD0032BC1D /* Utils.swift */ = {isa = PBXFileReference; fileEncoding = 4; lastKnownFileType = sourcecode.swift; path = Utils.swift; sourceTree = "<group>"; };
		DB4411312AD44628006DB9B5 /* DetailView.swift */ = {isa = PBXFileReference; lastKnownFileType = sourcecode.swift; name = DetailView.swift; path = "Swifty-protein/Views/Detail/DetailView.swift"; sourceTree = SOURCE_ROOT; };
		DB7600FF2AC33D9400A606BD /* swifty-protein.app */ = {isa = PBXFileReference; explicitFileType = wrapper.application; includeInIndex = 0; path = "swifty-protein.app"; sourceTree = BUILT_PRODUCTS_DIR; };
		DB7601022AC33D9400A606BD /* swifty_proteinApp.swift */ = {isa = PBXFileReference; lastKnownFileType = sourcecode.swift; path = swifty_proteinApp.swift; sourceTree = "<group>"; };
		DB7601042AC33D9400A606BD /* LoginView.swift */ = {isa = PBXFileReference; lastKnownFileType = sourcecode.swift; path = LoginView.swift; sourceTree = "<group>"; };
		DB7601082AC33D9800A606BD /* swifty_protein.entitlements */ = {isa = PBXFileReference; lastKnownFileType = text.plist.entitlements; path = swifty_protein.entitlements; sourceTree = "<group>"; };
		DB7601132AC33E9700A606BD /* LoginViewModel.swift */ = {isa = PBXFileReference; lastKnownFileType = sourcecode.swift; path = LoginViewModel.swift; sourceTree = "<group>"; };
		DB7601162AC33FF600A606BD /* SearchView.swift */ = {isa = PBXFileReference; lastKnownFileType = sourcecode.swift; path = SearchView.swift; sourceTree = "<group>"; };
		DB7601182AC3400700A606BD /* SearchViewModel.swift */ = {isa = PBXFileReference; lastKnownFileType = sourcecode.swift; path = SearchViewModel.swift; sourceTree = "<group>"; };
		DB7995C92ACF37A0000DE064 /* Contents.json */ = {isa = PBXFileReference; lastKnownFileType = text.json; name = Contents.json; path = "Swifty-protein/Preview Content/Contents.json"; sourceTree = SOURCE_ROOT; };
		DB7995DA2AD051CD000DE064 /* Ligand.swift */ = {isa = PBXFileReference; lastKnownFileType = sourcecode.swift; path = Ligand.swift; sourceTree = "<group>"; };
		DB7995E22AD05306000DE064 /* TextFieldModifier.swift */ = {isa = PBXFileReference; lastKnownFileType = sourcecode.swift; name = TextFieldModifier.swift; path = "Swifty-protein/Design System/Modifier/TextFieldModifier.swift"; sourceTree = SOURCE_ROOT; };
		DB7995E82AD054D3000DE064 /* ligands.txt */ = {isa = PBXFileReference; lastKnownFileType = text; name = ligands.txt; path = "swifty-protein/Models/ligands.txt"; sourceTree = SOURCE_ROOT; };
		DB7995EA2AD18D89000DE064 /* PaddingModifier.swift */ = {isa = PBXFileReference; lastKnownFileType = sourcecode.swift; name = PaddingModifier.swift; path = "Swifty-protein/Design System/Modifier/PaddingModifier.swift"; sourceTree = SOURCE_ROOT; };
		DB7995EC2AD18E26000DE064 /* CornerRadiusModifier.swift */ = {isa = PBXFileReference; lastKnownFileType = sourcecode.swift; name = CornerRadiusModifier.swift; path = "Swifty-protein/Design System/Modifier/CornerRadiusModifier.swift"; sourceTree = SOURCE_ROOT; };
		DB7995EE2AD3E966000DE064 /* Assets.xcassets */ = {isa = PBXFileReference; lastKnownFileType = folder.assetcatalog; path = Assets.xcassets; sourceTree = "<group>"; };
		DB9580262AC6C32000C7BC6E /* Spacing.swift */ = {isa = PBXFileReference; lastKnownFileType = sourcecode.swift; path = Spacing.swift; sourceTree = "<group>"; };
		DB9580282AC6C5D800C7BC6E /* Radius.swift */ = {isa = PBXFileReference; lastKnownFileType = sourcecode.swift; path = Radius.swift; sourceTree = "<group>"; };
		DBA6F0692AC479FD00B4DF19 /* MainCoordinator.swift */ = {isa = PBXFileReference; lastKnownFileType = sourcecode.swift; path = MainCoordinator.swift; sourceTree = "<group>"; };
		DBA6F06C2AC5776E00B4DF19 /* ButtonBouncyStyle.swift */ = {isa = PBXFileReference; lastKnownFileType = sourcecode.swift; path = ButtonBouncyStyle.swift; sourceTree = "<group>"; };
		DBBF67782AC5E8BC00D26BA1 /* LottieView.swift */ = {isa = PBXFileReference; lastKnownFileType = sourcecode.swift; path = LottieView.swift; sourceTree = "<group>"; };
		DBC4DAA42AD552A800FFFD12 /* LaunchScreenView.swift */ = {isa = PBXFileReference; lastKnownFileType = sourcecode.swift; name = LaunchScreenView.swift; path = "Swifty-protein/Views/LaunchScreen/LaunchScreenView.swift"; sourceTree = SOURCE_ROOT; };
		DBC4DAA62AD552EA00FFFD12 /* introAnimation.json */ = {isa = PBXFileReference; fileEncoding = 4; lastKnownFileType = text.json; name = introAnimation.json; path = ../../../../../../../../Downloads/introAnimation.json; sourceTree = "<group>"; };
		DBC4DAA82AD552F000FFFD12 /* loginAnimation.json */ = {isa = PBXFileReference; fileEncoding = 4; lastKnownFileType = text.json; name = loginAnimation.json; path = ../../../../../../../../Downloads/loginAnimation.json; sourceTree = "<group>"; };
		DBE029AA2AC8566200880DE4 /* .swiftlint.yml */ = {isa = PBXFileReference; lastKnownFileType = text.yaml; path = .swiftlint.yml; sourceTree = "<group>"; };
/* End PBXFileReference section */

/* Begin PBXFrameworksBuildPhase section */
		DB7600FC2AC33D9400A606BD /* Frameworks */ = {
			isa = PBXFrameworksBuildPhase;
			buildActionMask = 2147483647;
			files = (
				DB9580242AC6BAEF00C7BC6E /* Lottie in Frameworks */,
			);
			runOnlyForDeploymentPostprocessing = 0;
		};
/* End PBXFrameworksBuildPhase section */

/* Begin PBXGroup section */
		DB7600F62AC33D9400A606BD = {
			isa = PBXGroup;
			children = (
				DBE029AA2AC8566200880DE4 /* .swiftlint.yml */,
				DB7601012AC33D9400A606BD /* swifty-protein */,
				DB7601002AC33D9400A606BD /* Products */,
			);
			sourceTree = "<group>";
		};
		DB7601002AC33D9400A606BD /* Products */ = {
			isa = PBXGroup;
			children = (
				DB7600FF2AC33D9400A606BD /* swifty-protein.app */,
			);
			name = Products;
			sourceTree = "<group>";
		};
		DB7601012AC33D9400A606BD /* swifty-protein */ = {
			isa = PBXGroup;
			children = (
				DB7995D92AD051BD000DE064 /* Models */,
				DB9580252AC6C30800C7BC6E /* Design System */,
				DBA6F0682AC479D600B4DF19 /* Coordinators */,
				DB7601112AC33E6500A606BD /* Views */,
				DB7601022AC33D9400A606BD /* swifty_proteinApp.swift */,
				DB7601082AC33D9800A606BD /* swifty_protein.entitlements */,
				DB7601092AC33D9800A606BD /* Preview Content */,
			);
			path = "swifty-protein";
			sourceTree = "<group>";
		};
		DB7601092AC33D9800A606BD /* Preview Content */ = {
			isa = PBXGroup;
			children = (
				DB7995C92ACF37A0000DE064 /* Contents.json */,
			);
			path = "Preview Content";
			sourceTree = "<group>";
		};
		DB7601112AC33E6500A606BD /* Views */ = {
			isa = PBXGroup;
			children = (
				DBC4DAA32AD5529600FFFD12 /* LaunchScreen */,
				DB76011A2AC3408600A606BD /* Detail */,
				DB7601152AC33F5A00A606BD /* Search */,
				DB7601122AC33E7200A606BD /* Login */,
			);
			path = Views;
			sourceTree = "<group>";
		};
		DB7601122AC33E7200A606BD /* Login */ = {
			isa = PBXGroup;
			children = (
				DB7601042AC33D9400A606BD /* LoginView.swift */,
				DB7601132AC33E9700A606BD /* LoginViewModel.swift */,
			);
			path = Login;
			sourceTree = "<group>";
		};
		DB7601152AC33F5A00A606BD /* Search */ = {
			isa = PBXGroup;
			children = (
				DB7601162AC33FF600A606BD /* SearchView.swift */,
				DB7601182AC3400700A606BD /* SearchViewModel.swift */,
			);
			path = Search;
			sourceTree = "<group>";
		};
		DB76011A2AC3408600A606BD /* Detail */ = {
			isa = PBXGroup;
			children = (
				8BECC5C82AD415DD0032BC1D /* Atom.swift */,
				8BECC5C92AD415DD0032BC1D /* Connect.swift */,
				8BECC5C72AD415DC0032BC1D /* Coordinator.swift */,
				8BECC5C62AD415DC0032BC1D /* CylinderLine.swift */,
				8BECC5CB2AD415DD0032BC1D /* SceneKitView.swift */,
				8BECC5CC2AD415DD0032BC1D /* Utils.swift */,
				DB4411312AD44628006DB9B5 /* DetailView.swift */,
			);
			path = Detail;
			sourceTree = "<group>";
		};
		DB7995D92AD051BD000DE064 /* Models */ = {
			isa = PBXGroup;
			children = (
				DB7995E82AD054D3000DE064 /* ligands.txt */,
				DB7995DA2AD051CD000DE064 /* Ligand.swift */,
			);
			path = Models;
			sourceTree = "<group>";
		};
		DB7995DC2AD05217000DE064 /* Constant */ = {
			isa = PBXGroup;
			children = (
				DB9580262AC6C32000C7BC6E /* Spacing.swift */,
				DB9580282AC6C5D800C7BC6E /* Radius.swift */,
			);
			path = Constant;
			sourceTree = "<group>";
		};
		DB9580252AC6C30800C7BC6E /* Design System */ = {
			isa = PBXGroup;
			children = (
				DBBF67712AC5DED100D26BA1 /* Modifier */,
				DB7995DC2AD05217000DE064 /* Constant */,
				DBA6F06B2AC5775700B4DF19 /* Utils */,
			);
			path = "Design System";
			sourceTree = "<group>";
		};
		DBA6F0682AC479D600B4DF19 /* Coordinators */ = {
			isa = PBXGroup;
			children = (
				DBA6F0692AC479FD00B4DF19 /* MainCoordinator.swift */,
			);
			path = Coordinators;
			sourceTree = "<group>";
		};
		DBA6F06B2AC5775700B4DF19 /* Utils */ = {
			isa = PBXGroup;
			children = (
				DBBF67722AC5DED700D26BA1 /* Assets */,
				DBBF67782AC5E8BC00D26BA1 /* LottieView.swift */,
			);
			path = Utils;
			sourceTree = "<group>";
		};
		DBBF67712AC5DED100D26BA1 /* Modifier */ = {
			isa = PBXGroup;
			children = (
				DBA6F06C2AC5776E00B4DF19 /* ButtonBouncyStyle.swift */,
				DB7995E22AD05306000DE064 /* TextFieldModifier.swift */,
				DB7995EA2AD18D89000DE064 /* PaddingModifier.swift */,
				DB7995EC2AD18E26000DE064 /* CornerRadiusModifier.swift */,
			);
			path = Modifier;
			sourceTree = "<group>";
		};
		DBBF67722AC5DED700D26BA1 /* Assets */ = {
			isa = PBXGroup;
			children = (
				DB7995EE2AD3E966000DE064 /* Assets.xcassets */,
				DBBF67772AC5DEFA00D26BA1 /* Animation */,
			);
			path = Assets;
			sourceTree = "<group>";
		};
		DBBF67772AC5DEFA00D26BA1 /* Animation */ = {
			isa = PBXGroup;
			children = (
				DBC4DAA82AD552F000FFFD12 /* loginAnimation.json */,
				DBC4DAA62AD552EA00FFFD12 /* introAnimation.json */,
			);
			path = Animation;
			sourceTree = "<group>";
		};
		DBC4DAA32AD5529600FFFD12 /* LaunchScreen */ = {
			isa = PBXGroup;
			children = (
				DBC4DAA42AD552A800FFFD12 /* LaunchScreenView.swift */,
			);
			path = LaunchScreen;
			sourceTree = "<group>";
		};
/* End PBXGroup section */

/* Begin PBXNativeTarget section */
		DB7600FE2AC33D9400A606BD /* swifty-protein */ = {
			isa = PBXNativeTarget;
			buildConfigurationList = DB76010E2AC33D9800A606BD /* Build configuration list for PBXNativeTarget "swifty-protein" */;
			buildPhases = (
				DB7600FB2AC33D9400A606BD /* Sources */,
				DB7600FC2AC33D9400A606BD /* Frameworks */,
				DB7600FD2AC33D9400A606BD /* Resources */,
				DBE029A92AC855F700880DE4 /* SwiftLint */,
			);
			buildRules = (
			);
			dependencies = (
			);
			name = "swifty-protein";
			packageProductDependencies = (
				DB9580232AC6BAEF00C7BC6E /* Lottie */,
			);
			productName = "swifty-protein";
			productReference = DB7600FF2AC33D9400A606BD /* swifty-protein.app */;
			productType = "com.apple.product-type.application";
		};
/* End PBXNativeTarget section */

/* Begin PBXProject section */
		DB7600F72AC33D9400A606BD /* Project object */ = {
			isa = PBXProject;
			attributes = {
				BuildIndependentTargetsInParallel = 1;
				LastSwiftUpdateCheck = 1430;
				LastUpgradeCheck = 1500;
				TargetAttributes = {
					DB7600FE2AC33D9400A606BD = {
						CreatedOnToolsVersion = 14.3.1;
					};
				};
			};
			buildConfigurationList = DB7600FA2AC33D9400A606BD /* Build configuration list for PBXProject "Swifty-protein" */;
			compatibilityVersion = "Xcode 14.0";
			developmentRegion = en;
			hasScannedForEncodings = 0;
			knownRegions = (
				en,
				Base,
			);
			mainGroup = DB7600F62AC33D9400A606BD;
			packageReferences = (
				DB9580222AC6BAEE00C7BC6E /* XCRemoteSwiftPackageReference "lottie-ios" */,
			);
			productRefGroup = DB7601002AC33D9400A606BD /* Products */;
			projectDirPath = "";
			projectRoot = "";
			targets = (
				DB7600FE2AC33D9400A606BD /* swifty-protein */,
			);
		};
/* End PBXProject section */

/* Begin PBXResourcesBuildPhase section */
		DB7600FD2AC33D9400A606BD /* Resources */ = {
			isa = PBXResourcesBuildPhase;
			buildActionMask = 2147483647;
			files = (
				DBC4DAA72AD552EA00FFFD12 /* introAnimation.json in Resources */,
				DB7995E92AD054D3000DE064 /* ligands.txt in Resources */,
				DBE029AB2AC8566200880DE4 /* .swiftlint.yml in Resources */,
				DB7995EF2AD3E966000DE064 /* Assets.xcassets in Resources */,
				DBC4DAA92AD552F000FFFD12 /* loginAnimation.json in Resources */,
				DB7995CA2ACF37A0000DE064 /* Contents.json in Resources */,
			);
			runOnlyForDeploymentPostprocessing = 0;
		};
/* End PBXResourcesBuildPhase section */

/* Begin PBXShellScriptBuildPhase section */
		DBE029A92AC855F700880DE4 /* SwiftLint */ = {
			isa = PBXShellScriptBuildPhase;
			alwaysOutOfDate = 1;
			buildActionMask = 2147483647;
			files = (
			);
			inputFileListPaths = (
			);
			inputPaths = (
			);
			name = SwiftLint;
			outputFileListPaths = (
			);
			outputPaths = (
			);
			runOnlyForDeploymentPostprocessing = 0;
			shellPath = /bin/sh;
			shellScript = "if which swiftlint > /dev/null; then\n  swiftlint\nelse\n  echo \"warning: SwiftLint not installed, download from https://github.com/realm/SwiftLint\"\nfi\n";
		};
/* End PBXShellScriptBuildPhase section */

/* Begin PBXSourcesBuildPhase section */
		DB7600FB2AC33D9400A606BD /* Sources */ = {
			isa = PBXSourcesBuildPhase;
			buildActionMask = 2147483647;
			files = (
				DB7601172AC33FF600A606BD /* SearchView.swift in Sources */,
				DB7995EB2AD18D89000DE064 /* PaddingModifier.swift in Sources */,
				DB9580272AC6C32000C7BC6E /* Spacing.swift in Sources */,
				DBA6F06A2AC479FD00B4DF19 /* MainCoordinator.swift in Sources */,
				DB7995ED2AD18E26000DE064 /* CornerRadiusModifier.swift in Sources */,
				DB7601192AC3400700A606BD /* SearchViewModel.swift in Sources */,
				8BECC5CE2AD415DD0032BC1D /* Coordinator.swift in Sources */,
				8BECC5CF2AD415DD0032BC1D /* Atom.swift in Sources */,
				DB7995E32AD05306000DE064 /* TextFieldModifier.swift in Sources */,
				DB7601052AC33D9400A606BD /* LoginView.swift in Sources */,
				DB4411322AD44628006DB9B5 /* DetailView.swift in Sources */,
				DBA6F06D2AC5776E00B4DF19 /* ButtonBouncyStyle.swift in Sources */,
				DBBF67792AC5E8BC00D26BA1 /* LottieView.swift in Sources */,
				8BECC5D32AD415DD0032BC1D /* Utils.swift in Sources */,
				8BECC5D02AD415DD0032BC1D /* Connect.swift in Sources */,
				DB7601032AC33D9400A606BD /* swifty_proteinApp.swift in Sources */,
				8BECC5CD2AD415DD0032BC1D /* CylinderLine.swift in Sources */,
				DB7601142AC33E9700A606BD /* LoginViewModel.swift in Sources */,
				DB7995DB2AD051CD000DE064 /* Ligand.swift in Sources */,
				DBC4DAA52AD552A800FFFD12 /* LaunchScreenView.swift in Sources */,
				8BECC5D22AD415DD0032BC1D /* SceneKitView.swift in Sources */,
				DB9580292AC6C5D800C7BC6E /* Radius.swift in Sources */,
			);
			runOnlyForDeploymentPostprocessing = 0;
		};
/* End PBXSourcesBuildPhase section */

/* Begin XCBuildConfiguration section */
		DB76010C2AC33D9800A606BD /* Debug */ = {
			isa = XCBuildConfiguration;
			buildSettings = {
				ALWAYS_SEARCH_USER_PATHS = NO;
				CLANG_ANALYZER_NONNULL = YES;
				CLANG_ANALYZER_NUMBER_OBJECT_CONVERSION = YES_AGGRESSIVE;
				CLANG_CXX_LANGUAGE_STANDARD = "gnu++20";
				CLANG_ENABLE_MODULES = YES;
				CLANG_ENABLE_OBJC_ARC = YES;
				CLANG_ENABLE_OBJC_WEAK = YES;
				CLANG_WARN_BLOCK_CAPTURE_AUTORELEASING = YES;
				CLANG_WARN_BOOL_CONVERSION = YES;
				CLANG_WARN_COMMA = YES;
				CLANG_WARN_CONSTANT_CONVERSION = YES;
				CLANG_WARN_DEPRECATED_OBJC_IMPLEMENTATIONS = YES;
				CLANG_WARN_DIRECT_OBJC_ISA_USAGE = YES_ERROR;
				CLANG_WARN_DOCUMENTATION_COMMENTS = YES;
				CLANG_WARN_EMPTY_BODY = YES;
				CLANG_WARN_ENUM_CONVERSION = YES;
				CLANG_WARN_INFINITE_RECURSION = YES;
				CLANG_WARN_INT_CONVERSION = YES;
				CLANG_WARN_NON_LITERAL_NULL_CONVERSION = YES;
				CLANG_WARN_OBJC_IMPLICIT_RETAIN_SELF = YES;
				CLANG_WARN_OBJC_LITERAL_CONVERSION = YES;
				CLANG_WARN_OBJC_ROOT_CLASS = YES_ERROR;
				CLANG_WARN_QUOTED_INCLUDE_IN_FRAMEWORK_HEADER = YES;
				CLANG_WARN_RANGE_LOOP_ANALYSIS = YES;
				CLANG_WARN_STRICT_PROTOTYPES = YES;
				CLANG_WARN_SUSPICIOUS_MOVE = YES;
				CLANG_WARN_UNGUARDED_AVAILABILITY = YES_AGGRESSIVE;
				CLANG_WARN_UNREACHABLE_CODE = YES;
				CLANG_WARN__DUPLICATE_METHOD_MATCH = YES;
				COPY_PHASE_STRIP = NO;
				DEAD_CODE_STRIPPING = YES;
				DEBUG_INFORMATION_FORMAT = dwarf;
				ENABLE_STRICT_OBJC_MSGSEND = YES;
				ENABLE_TESTABILITY = YES;
				ENABLE_USER_SCRIPT_SANDBOXING = YES;
				GCC_C_LANGUAGE_STANDARD = gnu11;
				GCC_DYNAMIC_NO_PIC = NO;
				GCC_NO_COMMON_BLOCKS = YES;
				GCC_OPTIMIZATION_LEVEL = 0;
				GCC_PREPROCESSOR_DEFINITIONS = (
					"DEBUG=1",
					"$(inherited)",
				);
				GCC_WARN_64_TO_32_BIT_CONVERSION = YES;
				GCC_WARN_ABOUT_RETURN_TYPE = YES_ERROR;
				GCC_WARN_UNDECLARED_SELECTOR = YES;
				GCC_WARN_UNINITIALIZED_AUTOS = YES_AGGRESSIVE;
				GCC_WARN_UNUSED_FUNCTION = YES;
				GCC_WARN_UNUSED_VARIABLE = YES;
				MTL_ENABLE_DEBUG_INFO = INCLUDE_SOURCE;
				MTL_FAST_MATH = YES;
				ONLY_ACTIVE_ARCH = YES;
				SWIFT_ACTIVE_COMPILATION_CONDITIONS = DEBUG;
				SWIFT_OPTIMIZATION_LEVEL = "-Onone";
			};
			name = Debug;
		};
		DB76010D2AC33D9800A606BD /* Release */ = {
			isa = XCBuildConfiguration;
			buildSettings = {
				ALWAYS_SEARCH_USER_PATHS = NO;
				CLANG_ANALYZER_NONNULL = YES;
				CLANG_ANALYZER_NUMBER_OBJECT_CONVERSION = YES_AGGRESSIVE;
				CLANG_CXX_LANGUAGE_STANDARD = "gnu++20";
				CLANG_ENABLE_MODULES = YES;
				CLANG_ENABLE_OBJC_ARC = YES;
				CLANG_ENABLE_OBJC_WEAK = YES;
				CLANG_WARN_BLOCK_CAPTURE_AUTORELEASING = YES;
				CLANG_WARN_BOOL_CONVERSION = YES;
				CLANG_WARN_COMMA = YES;
				CLANG_WARN_CONSTANT_CONVERSION = YES;
				CLANG_WARN_DEPRECATED_OBJC_IMPLEMENTATIONS = YES;
				CLANG_WARN_DIRECT_OBJC_ISA_USAGE = YES_ERROR;
				CLANG_WARN_DOCUMENTATION_COMMENTS = YES;
				CLANG_WARN_EMPTY_BODY = YES;
				CLANG_WARN_ENUM_CONVERSION = YES;
				CLANG_WARN_INFINITE_RECURSION = YES;
				CLANG_WARN_INT_CONVERSION = YES;
				CLANG_WARN_NON_LITERAL_NULL_CONVERSION = YES;
				CLANG_WARN_OBJC_IMPLICIT_RETAIN_SELF = YES;
				CLANG_WARN_OBJC_LITERAL_CONVERSION = YES;
				CLANG_WARN_OBJC_ROOT_CLASS = YES_ERROR;
				CLANG_WARN_QUOTED_INCLUDE_IN_FRAMEWORK_HEADER = YES;
				CLANG_WARN_RANGE_LOOP_ANALYSIS = YES;
				CLANG_WARN_STRICT_PROTOTYPES = YES;
				CLANG_WARN_SUSPICIOUS_MOVE = YES;
				CLANG_WARN_UNGUARDED_AVAILABILITY = YES_AGGRESSIVE;
				CLANG_WARN_UNREACHABLE_CODE = YES;
				CLANG_WARN__DUPLICATE_METHOD_MATCH = YES;
				COPY_PHASE_STRIP = NO;
				DEAD_CODE_STRIPPING = YES;
				DEBUG_INFORMATION_FORMAT = "dwarf-with-dsym";
				ENABLE_NS_ASSERTIONS = NO;
				ENABLE_STRICT_OBJC_MSGSEND = YES;
				ENABLE_USER_SCRIPT_SANDBOXING = YES;
				GCC_C_LANGUAGE_STANDARD = gnu11;
				GCC_NO_COMMON_BLOCKS = YES;
				GCC_WARN_64_TO_32_BIT_CONVERSION = YES;
				GCC_WARN_ABOUT_RETURN_TYPE = YES_ERROR;
				GCC_WARN_UNDECLARED_SELECTOR = YES;
				GCC_WARN_UNINITIALIZED_AUTOS = YES_AGGRESSIVE;
				GCC_WARN_UNUSED_FUNCTION = YES;
				GCC_WARN_UNUSED_VARIABLE = YES;
				MTL_ENABLE_DEBUG_INFO = NO;
				MTL_FAST_MATH = YES;
				SWIFT_COMPILATION_MODE = wholemodule;
				SWIFT_OPTIMIZATION_LEVEL = "-O";
			};
			name = Release;
		};
		DB76010F2AC33D9800A606BD /* Debug */ = {
			isa = XCBuildConfiguration;
			buildSettings = {
				ASSETCATALOG_COMPILER_APPICON_NAME = AppIcon;
				ASSETCATALOG_COMPILER_GLOBAL_ACCENT_COLOR_NAME = AccentColor;
				CODE_SIGN_ENTITLEMENTS = "swifty-protein/swifty_protein.entitlements";
				CODE_SIGN_STYLE = Automatic;
				CURRENT_PROJECT_VERSION = 1;
				DEAD_CODE_STRIPPING = YES;
				DEVELOPMENT_ASSET_PATHS = "\"swifty-protein/Preview Content\"";
				DEVELOPMENT_TEAM = 4S2R248368;
				ENABLE_HARDENED_RUNTIME = YES;
				ENABLE_PREVIEWS = YES;
				ENABLE_USER_SCRIPT_SANDBOXING = NO;
				GENERATE_INFOPLIST_FILE = YES;
				INFOPLIST_KEY_NSFaceIDUsageDescription = "We need to unlock your data";
				"INFOPLIST_KEY_UIApplicationSceneManifest_Generation[sdk=iphoneos*]" = YES;
				"INFOPLIST_KEY_UIApplicationSceneManifest_Generation[sdk=iphonesimulator*]" = YES;
				"INFOPLIST_KEY_UIApplicationSupportsIndirectInputEvents[sdk=iphoneos*]" = YES;
				"INFOPLIST_KEY_UIApplicationSupportsIndirectInputEvents[sdk=iphonesimulator*]" = YES;
				"INFOPLIST_KEY_UILaunchScreen_Generation[sdk=iphoneos*]" = YES;
				"INFOPLIST_KEY_UILaunchScreen_Generation[sdk=iphonesimulator*]" = YES;
				"INFOPLIST_KEY_UIStatusBarStyle[sdk=iphoneos*]" = UIStatusBarStyleDefault;
				"INFOPLIST_KEY_UIStatusBarStyle[sdk=iphonesimulator*]" = UIStatusBarStyleDefault;
				INFOPLIST_KEY_UISupportedInterfaceOrientations_iPad = "UIInterfaceOrientationPortrait UIInterfaceOrientationPortraitUpsideDown UIInterfaceOrientationLandscapeLeft UIInterfaceOrientationLandscapeRight";
				INFOPLIST_KEY_UISupportedInterfaceOrientations_iPhone = "UIInterfaceOrientationPortrait UIInterfaceOrientationLandscapeLeft UIInterfaceOrientationLandscapeRight";
				IPHONEOS_DEPLOYMENT_TARGET = 16.0;
				LD_RUNPATH_SEARCH_PATHS = "@executable_path/Frameworks";
				"LD_RUNPATH_SEARCH_PATHS[sdk=macosx*]" = "@executable_path/../Frameworks";
				MACOSX_DEPLOYMENT_TARGET = 13.3;
				MARKETING_VERSION = 1.0;
				PRODUCT_BUNDLE_IDENTIFIER = "LeaL.swifty-protein";
				PRODUCT_NAME = "$(TARGET_NAME)";
				SDKROOT = auto;
				SUPPORTED_PLATFORMS = "iphoneos iphonesimulator";
				SUPPORTS_MACCATALYST = NO;
				SWIFT_EMIT_LOC_STRINGS = YES;
				SWIFT_VERSION = 5.0;
				TARGETED_DEVICE_FAMILY = "1,2";
			};
			name = Debug;
		};
		DB7601102AC33D9800A606BD /* Release */ = {
			isa = XCBuildConfiguration;
			buildSettings = {
				ASSETCATALOG_COMPILER_APPICON_NAME = AppIcon;
				ASSETCATALOG_COMPILER_GLOBAL_ACCENT_COLOR_NAME = AccentColor;
				CODE_SIGN_ENTITLEMENTS = "swifty-protein/swifty_protein.entitlements";
				CODE_SIGN_STYLE = Automatic;
				CURRENT_PROJECT_VERSION = 1;
				DEAD_CODE_STRIPPING = YES;
				DEVELOPMENT_ASSET_PATHS = "\"swifty-protein/Preview Content\"";
				DEVELOPMENT_TEAM = 4S2R248368;
				ENABLE_HARDENED_RUNTIME = YES;
				ENABLE_PREVIEWS = YES;
				ENABLE_USER_SCRIPT_SANDBOXING = NO;
				GENERATE_INFOPLIST_FILE = YES;
				INFOPLIST_KEY_NSFaceIDUsageDescription = "We need to unlock your data";
				"INFOPLIST_KEY_UIApplicationSceneManifest_Generation[sdk=iphoneos*]" = YES;
				"INFOPLIST_KEY_UIApplicationSceneManifest_Generation[sdk=iphonesimulator*]" = YES;
				"INFOPLIST_KEY_UIApplicationSupportsIndirectInputEvents[sdk=iphoneos*]" = YES;
				"INFOPLIST_KEY_UIApplicationSupportsIndirectInputEvents[sdk=iphonesimulator*]" = YES;
				"INFOPLIST_KEY_UILaunchScreen_Generation[sdk=iphoneos*]" = YES;
				"INFOPLIST_KEY_UILaunchScreen_Generation[sdk=iphonesimulator*]" = YES;
				"INFOPLIST_KEY_UIStatusBarStyle[sdk=iphoneos*]" = UIStatusBarStyleDefault;
				"INFOPLIST_KEY_UIStatusBarStyle[sdk=iphonesimulator*]" = UIStatusBarStyleDefault;
				INFOPLIST_KEY_UISupportedInterfaceOrientations_iPad = "UIInterfaceOrientationPortrait UIInterfaceOrientationPortraitUpsideDown UIInterfaceOrientationLandscapeLeft UIInterfaceOrientationLandscapeRight";
				INFOPLIST_KEY_UISupportedInterfaceOrientations_iPhone = "UIInterfaceOrientationPortrait UIInterfaceOrientationLandscapeLeft UIInterfaceOrientationLandscapeRight";
				IPHONEOS_DEPLOYMENT_TARGET = 16.0;
				LD_RUNPATH_SEARCH_PATHS = "@executable_path/Frameworks";
				"LD_RUNPATH_SEARCH_PATHS[sdk=macosx*]" = "@executable_path/../Frameworks";
				MACOSX_DEPLOYMENT_TARGET = 13.3;
				MARKETING_VERSION = 1.0;
				PRODUCT_BUNDLE_IDENTIFIER = "LeaL.swifty-protein";
				PRODUCT_NAME = "$(TARGET_NAME)";
				SDKROOT = auto;
				SUPPORTED_PLATFORMS = "iphoneos iphonesimulator";
				SUPPORTS_MACCATALYST = NO;
				SWIFT_EMIT_LOC_STRINGS = YES;
				SWIFT_VERSION = 5.0;
				TARGETED_DEVICE_FAMILY = "1,2";
			};
			name = Release;
		};
/* End XCBuildConfiguration section */

/* Begin XCConfigurationList section */
		DB7600FA2AC33D9400A606BD /* Build configuration list for PBXProject "Swifty-protein" */ = {
			isa = XCConfigurationList;
			buildConfigurations = (
				DB76010C2AC33D9800A606BD /* Debug */,
				DB76010D2AC33D9800A606BD /* Release */,
			);
			defaultConfigurationIsVisible = 0;
			defaultConfigurationName = Release;
		};
		DB76010E2AC33D9800A606BD /* Build configuration list for PBXNativeTarget "swifty-protein" */ = {
			isa = XCConfigurationList;
			buildConfigurations = (
				DB76010F2AC33D9800A606BD /* Debug */,
				DB7601102AC33D9800A606BD /* Release */,
			);
			defaultConfigurationIsVisible = 0;
			defaultConfigurationName = Release;
		};
/* End XCConfigurationList section */

/* Begin XCRemoteSwiftPackageReference section */
		DB9580222AC6BAEE00C7BC6E /* XCRemoteSwiftPackageReference "lottie-ios" */ = {
			isa = XCRemoteSwiftPackageReference;
			repositoryURL = "https://github.com/airbnb/lottie-ios.git";
			requirement = {
				kind = upToNextMajorVersion;
				minimumVersion = 4.3.2;
			};
		};
/* End XCRemoteSwiftPackageReference section */

/* Begin XCSwiftPackageProductDependency section */
		DB9580232AC6BAEF00C7BC6E /* Lottie */ = {
			isa = XCSwiftPackageProductDependency;
			package = DB9580222AC6BAEE00C7BC6E /* XCRemoteSwiftPackageReference "lottie-ios" */;
			productName = Lottie;
		};
/* End XCSwiftPackageProductDependency section */
	};
	rootObject = DB7600F72AC33D9400A606BD /* Project object */;
}
